
Microsoft Visual Studio Solution File, Format Version 12.00
# Visual Studio Version 17
VisualStudioVersion = 17.5.001.0
MinimumVisualStudioVersion = 10.0.40219.1
Project("{9A19103F-16F7-4668-BE54-9A1E7A4F7556}") = "musenalmPARSING", "musenalmPARSING.csproj", "{BAA24E95-9996-4BC9-BB99-CEDF8BFDFF62}"
EndProject
Global
	GlobalSection(SolutionConfigurationPlatforms) = preSolution
		Debug|Any CPU = Debug|Any CPU
		Release|Any CPU = Release|Any CPU
	EndGlobalSection
	GlobalSection(ProjectConfigurationPlatforms) = postSolution
		{BAA24E95-9996-4BC9-BB99-CEDF8BFDFF62}.Debug|Any CPU.ActiveCfg = Debug|Any CPU
		{BAA24E95-9996-4BC9-BB99-CEDF8BFDFF62}.Debug|Any CPU.Build.0 = Debug|Any CPU
		{BAA24E95-9996-4BC9-BB99-CEDF8BFDFF62}.Release|Any CPU.ActiveCfg = Release|Any CPU
		{BAA24E95-9996-4BC9-BB99-CEDF8BFDFF62}.Release|Any CPU.Build.0 = Release|Any CPU
	EndGlobalSection
	GlobalSection(SolutionProperties) = preSolution
		HideSolutionNode = FALSE
	EndGlobalSection
	GlobalSection(ExtensibilityGlobals) = postSolution
		SolutionGuid = {97085AB0-9E6A-4473-BAF8-22C1349BA86D}
	EndGlobalSection
EndGlobal
